
Microsoft Visual Studio Solution File, Format Version 12.00
# Visual Studio Version 17
VisualStudioVersion = 17.1.32228.430
MinimumVisualStudioVersion = 10.0.40219.1
Project("{FAE04EC0-301F-11D3-BF4B-00C04F79EFBC}") = "Session2", "Session2.csproj", "{F45B3146-9486-48AF-99B9-F835408B51DB}"
EndProject
Global
	GlobalSection(SolutionConfigurationPlatforms) = preSolution
		Debug|Any CPU = Debug|Any CPU
		Release|Any CPU = Release|Any CPU
	EndGlobalSection
	GlobalSection(ProjectConfigurationPlatforms) = postSolution
		{F45B3146-9486-48AF-99B9-F835408B51DB}.Debug|Any CPU.ActiveCfg = Debug|Any CPU
		{F45B3146-9486-48AF-99B9-F835408B51DB}.Debug|Any CPU.Build.0 = Debug|Any CPU
		{F45B3146-9486-48AF-99B9-F835408B51DB}.Release|Any CPU.ActiveCfg = Release|Any CPU
		{F45B3146-9486-48AF-99B9-F835408B51DB}.Release|Any CPU.Build.0 = Release|Any CPU
	EndGlobalSection
	GlobalSection(SolutionProperties) = preSolution
		HideSolutionNode = FALSE
	EndGlobalSection
	GlobalSection(ExtensibilityGlobals) = postSolution
		SolutionGuid = {9527C72C-6518-437F-B675-1082AF6AFDF1}
	EndGlobalSection
EndGlobal
